PODS:
  - ObjcExceptionBridging (1.0.1):
    - ObjcExceptionBridging/ObjcExceptionBridging (= 1.0.1)
  - ObjcExceptionBridging/ObjcExceptionBridging (1.0.1)
  - Starscream (4.0.3)
  - SwiftyJSON (5.0.0)
  - XCGLogger (7.0.1):
    - XCGLogger/Core (= 7.0.1)
  - XCGLogger/Core (7.0.1):
    - ObjcExceptionBridging

DEPENDENCIES:
  - Starscream (= 4.0.3)
  - SwiftyJSON (~> 5.0)
  - XCGLogger (~> 7.0.1)

SPEC REPOS:
  trunk:
    - ObjcExceptionBridging
    - Starscream
    - SwiftyJSON
    - XCGLogger

SPEC CHECKSUMS:
  ObjcExceptionBridging: c30e00eb3700467e695faeea30e26e18bd445001
  Starscream: ef06f0961fff0880bca0604416d61141e4faca67
  SwiftyJSON: 36413e04c44ee145039d332b4f4e2d3e8d6c4db7
  XCGLogger: 1943831ef907df55108b0b18657953f868de973b

PODFILE CHECKSUM: e8d73d6cf4f185c5759d2fc603308924385f7ada

COCOAPODS: 1.9.0
